
Microsoft Visual Studio Solution File, Format Version 12.00
# Visual Studio Version 17
VisualStudioVersion = 17.10.34928.147
MinimumVisualStudioVersion = 10.0.40219.1
Project("{FAE04EC0-301F-11D3-BF4B-00C04F79EFBC}") = "Lab_2", "Lab_2\Lab_2.csproj", "{9E3569A5-9E66-4D19-A84D-7B61EC587100}"
EndProject
Global
	GlobalSection(SolutionConfigurationPlatforms) = preSolution
		Debug|Any CPU = Debug|Any CPU
		Release|Any CPU = Release|Any CPU
	EndGlobalSection
	GlobalSection(ProjectConfigurationPlatforms) = postSolution
		{9E3569A5-9E66-4D19-A84D-7B61EC587100}.Debug|Any CPU.ActiveCfg = Debug|Any CPU
		{9E3569A5-9E66-4D19-A84D-7B61EC587100}.Debug|Any CPU.Build.0 = Debug|Any CPU
		{9E3569A5-9E66-4D19-A84D-7B61EC587100}.Release|Any CPU.ActiveCfg = Release|Any CPU
		{9E3569A5-9E66-4D19-A84D-7B61EC587100}.Release|Any CPU.Build.0 = Release|Any CPU
	EndGlobalSection
	GlobalSection(SolutionProperties) = preSolution
		HideSolutionNode = FALSE
	EndGlobalSection
	GlobalSection(ExtensibilityGlobals) = postSolution
		SolutionGuid = {E723B2F5-22BA-4111-8AE8-7294A9708BF4}
	EndGlobalSection
EndGlobal
