
Microsoft Visual Studio Solution File, Format Version 12.00
# Visual Studio Version 17
VisualStudioVersion = 17.9.34902.65
MinimumVisualStudioVersion = 10.0.40219.1
Project("{FAE04EC0-301F-11D3-BF4B-00C04F79EFBC}") = "Lab_4", "Lab_4\Lab_4.csproj", "{935AF970-1050-47F3-8F0E-A991B5BB895D}"
EndProject
Global
	GlobalSection(SolutionConfigurationPlatforms) = preSolution
		Debug|Any CPU = Debug|Any CPU
		Release|Any CPU = Release|Any CPU
	EndGlobalSection
	GlobalSection(ProjectConfigurationPlatforms) = postSolution
		{935AF970-1050-47F3-8F0E-A991B5BB895D}.Debug|Any CPU.ActiveCfg = Debug|Any CPU
		{935AF970-1050-47F3-8F0E-A991B5BB895D}.Debug|Any CPU.Build.0 = Debug|Any CPU
		{935AF970-1050-47F3-8F0E-A991B5BB895D}.Release|Any CPU.ActiveCfg = Release|Any CPU
		{935AF970-1050-47F3-8F0E-A991B5BB895D}.Release|Any CPU.Build.0 = Release|Any CPU
	EndGlobalSection
	GlobalSection(SolutionProperties) = preSolution
		HideSolutionNode = FALSE
	EndGlobalSection
	GlobalSection(ExtensibilityGlobals) = postSolution
		SolutionGuid = {6A038210-CDCA-4E3A-98BA-361C9BDEE7AB}
	EndGlobalSection
EndGlobal
